
Microsoft Visual Studio Solution File, Format Version 12.00
# Visual Studio Version 17
VisualStudioVersion = 17.0.32112.339
MinimumVisualStudioVersion = 10.0.40219.1
Project("{FAE04EC0-301F-11D3-BF4B-00C04F79EFBC}") = "Tamagotchi.Android", "Tamagotchi\Tamagotchi.Android\Tamagotchi.Android.csproj", "{9E06014D-ACD6-4138-80BC-C9FAD6ED50AD}"
EndProject
Project("{9A19103F-16F7-4668-BE54-9A1E7A4F7556}") = "Tamagotchi", "Tamagotchi\Tamagotchi\Tamagotchi.csproj", "{CC058122-5DFF-47E9-B852-8B48E9B6FF9E}"
EndProject
Project("{FAE04EC0-301F-11D3-BF4B-00C04F79EFBC}") = "XamarinMigration", "XamarinMigration\XamarinMigration.csproj", "{C3AACD68-E915-438D-A927-9C6F869EFBFC}"
EndProject
Global
	GlobalSection(SolutionConfigurationPlatforms) = preSolution
		Debug|Any CPU = Debug|Any CPU
		Release|Any CPU = Release|Any CPU
	EndGlobalSection
	GlobalSection(ProjectConfigurationPlatforms) = postSolution
		{9E06014D-ACD6-4138-80BC-C9FAD6ED50AD}.Debug|Any CPU.ActiveCfg = Debug|Any CPU
		{9E06014D-ACD6-4138-80BC-C9FAD6ED50AD}.Debug|Any CPU.Build.0 = Debug|Any CPU
		{9E06014D-ACD6-4138-80BC-C9FAD6ED50AD}.Debug|Any CPU.Deploy.0 = Debug|Any CPU
		{9E06014D-ACD6-4138-80BC-C9FAD6ED50AD}.Release|Any CPU.ActiveCfg = Release|Any CPU
		{9E06014D-ACD6-4138-80BC-C9FAD6ED50AD}.Release|Any CPU.Build.0 = Release|Any CPU
		{9E06014D-ACD6-4138-80BC-C9FAD6ED50AD}.Release|Any CPU.Deploy.0 = Release|Any CPU
		{CC058122-5DFF-47E9-B852-8B48E9B6FF9E}.Debug|Any CPU.ActiveCfg = Debug|Any CPU
		{CC058122-5DFF-47E9-B852-8B48E9B6FF9E}.Debug|Any CPU.Build.0 = Debug|Any CPU
		{CC058122-5DFF-47E9-B852-8B48E9B6FF9E}.Debug|Any CPU.Deploy.0 = Debug|Any CPU
		{CC058122-5DFF-47E9-B852-8B48E9B6FF9E}.Release|Any CPU.ActiveCfg = Release|Any CPU
		{CC058122-5DFF-47E9-B852-8B48E9B6FF9E}.Release|Any CPU.Build.0 = Release|Any CPU
		{CC058122-5DFF-47E9-B852-8B48E9B6FF9E}.Release|Any CPU.Deploy.0 = Release|Any CPU
		{C3AACD68-E915-438D-A927-9C6F869EFBFC}.Debug|Any CPU.ActiveCfg = Debug|Any CPU
		{C3AACD68-E915-438D-A927-9C6F869EFBFC}.Debug|Any CPU.Build.0 = Debug|Any CPU
		{C3AACD68-E915-438D-A927-9C6F869EFBFC}.Release|Any CPU.ActiveCfg = Release|Any CPU
		{C3AACD68-E915-438D-A927-9C6F869EFBFC}.Release|Any CPU.Build.0 = Release|Any CPU
	EndGlobalSection
	GlobalSection(SolutionProperties) = preSolution
		HideSolutionNode = FALSE
	EndGlobalSection
	GlobalSection(ExtensibilityGlobals) = postSolution
		SolutionGuid = {EEEAF3C5-86B2-45E9-BA6E-72CF54A1E53E}
	EndGlobalSection
EndGlobal
